
Microsoft Visual Studio Solution File, Format Version 12.00
# Visual Studio Version 16
VisualStudioVersion = 16.0.31424.327
MinimumVisualStudioVersion = 10.0.40219.1
Project("{FAE04EC0-301F-11D3-BF4B-00C04F79EFBC}") = "Meditec", "Meditec.csproj", "{BF03DA46-06E1-4F9D-A173-697751319950}"
EndProject
Global
	GlobalSection(SolutionConfigurationPlatforms) = preSolution
		Debug|Any CPU = Debug|Any CPU
		Release|Any CPU = Release|Any CPU
	EndGlobalSection
	GlobalSection(ProjectConfigurationPlatforms) = postSolution
		{BF03DA46-06E1-4F9D-A173-697751319950}.Debug|Any CPU.ActiveCfg = Debug|Any CPU
		{BF03DA46-06E1-4F9D-A173-697751319950}.Debug|Any CPU.Build.0 = Debug|Any CPU
		{BF03DA46-06E1-4F9D-A173-697751319950}.Release|Any CPU.ActiveCfg = Release|Any CPU
		{BF03DA46-06E1-4F9D-A173-697751319950}.Release|Any CPU.Build.0 = Release|Any CPU
	EndGlobalSection
	GlobalSection(SolutionProperties) = preSolution
		HideSolutionNode = FALSE
	EndGlobalSection
	GlobalSection(ExtensibilityGlobals) = postSolution
		SolutionGuid = {1DA91852-1352-4E7A-ACBE-0CC666BD667B}
	EndGlobalSection
EndGlobal
